
Microsoft Visual Studio Solution File, Format Version 12.00
# Visual Studio 15
VisualStudioVersion = 15.0.28307.2092
MinimumVisualStudioVersion = 10.0.40219.1
Project("{FAE04EC0-301F-11D3-BF4B-00C04F79EFBC}") = "SalesWebMvc", "SalesWebMvc\SalesWebMvc.csproj", "{47146F73-90D7-433F-8A08-4FBB2A30B456}"
EndProject
Global
	GlobalSection(SolutionConfigurationPlatforms) = preSolution
		Debug|Any CPU = Debug|Any CPU
		Release|Any CPU = Release|Any CPU
	EndGlobalSection
	GlobalSection(ProjectConfigurationPlatforms) = postSolution
		{47146F73-90D7-433F-8A08-4FBB2A30B456}.Debug|Any CPU.ActiveCfg = Debug|Any CPU
		{47146F73-90D7-433F-8A08-4FBB2A30B456}.Debug|Any CPU.Build.0 = Debug|Any CPU
		{47146F73-90D7-433F-8A08-4FBB2A30B456}.Release|Any CPU.ActiveCfg = Release|Any CPU
		{47146F73-90D7-433F-8A08-4FBB2A30B456}.Release|Any CPU.Build.0 = Release|Any CPU
	EndGlobalSection
	GlobalSection(SolutionProperties) = preSolution
		HideSolutionNode = FALSE
	EndGlobalSection
	GlobalSection(ExtensibilityGlobals) = postSolution
		SolutionGuid = {9B245A6B-5C6F-457F-9803-D07741BA5D33}
	EndGlobalSection
EndGlobal
